
Microsoft Visual Studio Solution File, Format Version 12.00
# Visual Studio Version 17
VisualStudioVersion = 17.0.31815.197
MinimumVisualStudioVersion = 10.0.40219.1
Project("{9A19103F-16F7-4668-BE54-9A1E7A4F7556}") = "HexControl.Core", "src\Shared\HexControl.Core\HexControl.Core.csproj", "{76DF9FC3-6BF1-4303-AC5F-76AF45341942}"
EndProject
Project("{9A19103F-16F7-4668-BE54-9A1E7A4F7556}") = "HexControl.SharedControl", "src\Shared\HexControl.SharedControl\HexControl.SharedControl.csproj", "{3FE3C19E-CED2-433A-9611-FAEC807346F9}"
EndProject
Project("{9A19103F-16F7-4668-BE54-9A1E7A4F7556}") = "HexControl.Avalonia", "src\Controls\HexControl.Avalonia\HexControl.Avalonia.csproj", "{C79BB2BD-3064-451E-BB79-DC82D76CFE73}"
EndProject
Project("{9A19103F-16F7-4668-BE54-9A1E7A4F7556}") = "HexControl.Core.Tests", "tests\HexControl.Core.Tests\HexControl.Core.Tests.csproj", "{619632FE-5293-4A32-8F8E-A27FCDD2522D}"
EndProject
Project("{2150E333-8FDC-42A3-9474-1A3956D46DE8}") = "Samples", "Samples", "{D324FCF2-D9A2-44D9-8F33-8B76ED27ACBF}"
EndProject
Project("{9A19103F-16F7-4668-BE54-9A1E7A4F7556}") = "HexControl.Wpf", "src\Controls\HexControl.Wpf\HexControl.Wpf.csproj", "{36573113-0ACE-4CBF-8532-3C31469B33FF}"
EndProject
Project("{9A19103F-16F7-4668-BE54-9A1E7A4F7556}") = "HexControl.Samples.Wpf", "samples\HexControl.Samples.Wpf\HexControl.Samples.Wpf.csproj", "{A0963ADB-64D4-428B-B484-A983F339F6ED}"
EndProject
Project("{9A19103F-16F7-4668-BE54-9A1E7A4F7556}") = "HexControl.Samples.Avalonia", "samples\HexControl.Samples.Avalonia\HexControl.Samples.Avalonia.csproj", "{F9DF50A3-835F-496E-83A3-A8BDA0B7DAE2}"
EndProject
Project("{9A19103F-16F7-4668-BE54-9A1E7A4F7556}") = "HexControl.WinUI", "src\Controls\HexControl.WinUI\HexControl.WinUI.csproj", "{12BABC1C-2A9B-49DF-BBAD-58F19FCC3509}"
EndProject
Project("{9A19103F-16F7-4668-BE54-9A1E7A4F7556}") = "HexControl.Renderer.Skia", "src\Shared\HexControl.Renderer.Skia\HexControl.Renderer.Skia.csproj", "{F0375A6D-5C18-4982-867A-DE60138476AB}"
EndProject
Project("{9A19103F-16F7-4668-BE54-9A1E7A4F7556}") = "HexControl.Renderer.Direct2D", "src\Shared\HexControl.Renderer.Direct2D\HexControl.Renderer.Direct2D.csproj", "{937DE1B7-DFCE-4EA3-A5D5-901F7E6E4AA2}"
EndProject
Project("{9A19103F-16F7-4668-BE54-9A1E7A4F7556}") = "HexControl.Samples.WinForms", "samples\HexControl.Samples.WinForms\HexControl.Samples.WinForms.csproj", "{9B46702C-D4D2-41BA-BADD-76ACEE185CE6}"
EndProject
Project("{2150E333-8FDC-42A3-9474-1A3956D46DE8}") = "Shared", "Shared", "{20C9E993-FB9A-43D5-9BD7-25A5F72691C2}"
EndProject
Project("{2150E333-8FDC-42A3-9474-1A3956D46DE8}") = "Tests", "Tests", "{9DE0AAF1-D73E-4F46-BC0B-9B00B5A59617}"
EndProject
Project("{9A19103F-16F7-4668-BE54-9A1E7A4F7556}") = "HexControl.WinForms", "src\Controls\HexControl.WinForms\HexControl.WinForms.csproj", "{DDA61A10-049E-410C-B807-898358A3915C}"
EndProject
Project("{2150E333-8FDC-42A3-9474-1A3956D46DE8}") = "Controls", "Controls", "{4B298E79-CC0D-4D62-9EEB-DAFC154E2709}"
EndProject
Project("{9A19103F-16F7-4668-BE54-9A1E7A4F7556}") = "_build", "build\_build.csproj", "{228FE4BD-E5D9-45C5-8171-25EEABA4CBE5}"
EndProject
Project("{2150E333-8FDC-42A3-9474-1A3956D46DE8}") = "Build", "Build", "{4AB76848-4943-4976-87A3-03BC757191A5}"
EndProject
Project("{2150E333-8FDC-42A3-9474-1A3956D46DE8}") = "Sources", "Sources", "{1330C398-0812-4933-8CC0-E479BEDEA5D6}"
EndProject
Project("{9A19103F-16F7-4668-BE54-9A1E7A4F7556}") = "HexControl.Samples.WinUI", "samples\HexControl.Samples.WinUI\HexControl.Samples.WinUI.csproj", "{9B61C7D4-3214-422D-842E-67DB29698726}"
EndProject
Project("{2150E333-8FDC-42A3-9474-1A3956D46DE8}") = "Props", "Props", "{0167E8A7-6D20-47FD-A25B-C401CEB66F0D}"
	ProjectSection(SolutionItems) = preProject
		control.props = control.props
		Directory.Build.Props = Directory.Build.Props
		package.props = package.props
		samples.props = samples.props
		shared.props = shared.props
	EndProjectSection
EndProject
Global
	GlobalSection(SolutionConfigurationPlatforms) = preSolution
		Debug|Any CPU = Debug|Any CPU
		Debug|arm64 = Debug|arm64
		Debug|x64 = Debug|x64
		Debug|x86 = Debug|x86
		Release|Any CPU = Release|Any CPU
		Release|arm64 = Release|arm64
		Release|x64 = Release|x64
		Release|x86 = Release|x86
	EndGlobalSection
	GlobalSection(ProjectConfigurationPlatforms) = postSolution
		{76DF9FC3-6BF1-4303-AC5F-76AF45341942}.Debug|Any CPU.ActiveCfg = Debug|Any CPU
		{76DF9FC3-6BF1-4303-AC5F-76AF45341942}.Debug|Any CPU.Build.0 = Debug|Any CPU
		{76DF9FC3-6BF1-4303-AC5F-76AF45341942}.Debug|arm64.ActiveCfg = Debug|Any CPU
		{76DF9FC3-6BF1-4303-AC5F-76AF45341942}.Debug|arm64.Build.0 = Debug|Any CPU
		{76DF9FC3-6BF1-4303-AC5F-76AF45341942}.Debug|x64.ActiveCfg = Debug|Any CPU
		{76DF9FC3-6BF1-4303-AC5F-76AF45341942}.Debug|x64.Build.0 = Debug|Any CPU
		{76DF9FC3-6BF1-4303-AC5F-76AF45341942}.Debug|x86.ActiveCfg = Debug|Any CPU
		{76DF9FC3-6BF1-4303-AC5F-76AF45341942}.Debug|x86.Build.0 = Debug|Any CPU
		{76DF9FC3-6BF1-4303-AC5F-76AF45341942}.Release|Any CPU.ActiveCfg = Release|Any CPU
		{76DF9FC3-6BF1-4303-AC5F-76AF45341942}.Release|Any CPU.Build.0 = Release|Any CPU
		{76DF9FC3-6BF1-4303-AC5F-76AF45341942}.Release|arm64.ActiveCfg = Release|Any CPU
		{76DF9FC3-6BF1-4303-AC5F-76AF45341942}.Release|arm64.Build.0 = Release|Any CPU
		{76DF9FC3-6BF1-4303-AC5F-76AF45341942}.Release|x64.ActiveCfg = Release|Any CPU
		{76DF9FC3-6BF1-4303-AC5F-76AF45341942}.Release|x64.Build.0 = Release|Any CPU
		{76DF9FC3-6BF1-4303-AC5F-76AF45341942}.Release|x86.ActiveCfg = Release|Any CPU
		{76DF9FC3-6BF1-4303-AC5F-76AF45341942}.Release|x86.Build.0 = Release|Any CPU
		{3FE3C19E-CED2-433A-9611-FAEC807346F9}.Debug|Any CPU.ActiveCfg = Debug|Any CPU
		{3FE3C19E-CED2-433A-9611-FAEC807346F9}.Debug|Any CPU.Build.0 = Debug|Any CPU
		{3FE3C19E-CED2-433A-9611-FAEC807346F9}.Debug|arm64.ActiveCfg = Debug|Any CPU
		{3FE3C19E-CED2-433A-9611-FAEC807346F9}.Debug|arm64.Build.0 = Debug|Any CPU
		{3FE3C19E-CED2-433A-9611-FAEC807346F9}.Debug|x64.ActiveCfg = Debug|Any CPU
		{3FE3C19E-CED2-433A-9611-FAEC807346F9}.Debug|x64.Build.0 = Debug|Any CPU
		{3FE3C19E-CED2-433A-9611-FAEC807346F9}.Debug|x86.ActiveCfg = Debug|Any CPU
		{3FE3C19E-CED2-433A-9611-FAEC807346F9}.Debug|x86.Build.0 = Debug|Any CPU
		{3FE3C19E-CED2-433A-9611-FAEC807346F9}.Release|Any CPU.ActiveCfg = Release|Any CPU
		{3FE3C19E-CED2-433A-9611-FAEC807346F9}.Release|Any CPU.Build.0 = Release|Any CPU
		{3FE3C19E-CED2-433A-9611-FAEC807346F9}.Release|arm64.ActiveCfg = Release|Any CPU
		{3FE3C19E-CED2-433A-9611-FAEC807346F9}.Release|arm64.Build.0 = Release|Any CPU
		{3FE3C19E-CED2-433A-9611-FAEC807346F9}.Release|x64.ActiveCfg = Release|Any CPU
		{3FE3C19E-CED2-433A-9611-FAEC807346F9}.Release|x64.Build.0 = Release|Any CPU
		{3FE3C19E-CED2-433A-9611-FAEC807346F9}.Release|x86.ActiveCfg = Release|Any CPU
		{3FE3C19E-CED2-433A-9611-FAEC807346F9}.Release|x86.Build.0 = Release|Any CPU
		{C79BB2BD-3064-451E-BB79-DC82D76CFE73}.Debug|Any CPU.ActiveCfg = Debug|Any CPU
		{C79BB2BD-3064-451E-BB79-DC82D76CFE73}.Debug|Any CPU.Build.0 = Debug|Any CPU
		{C79BB2BD-3064-451E-BB79-DC82D76CFE73}.Debug|arm64.ActiveCfg = Debug|Any CPU
		{C79BB2BD-3064-451E-BB79-DC82D76CFE73}.Debug|arm64.Build.0 = Debug|Any CPU
		{C79BB2BD-3064-451E-BB79-DC82D76CFE73}.Debug|x64.ActiveCfg = Debug|Any CPU
		{C79BB2BD-3064-451E-BB79-DC82D76CFE73}.Debug|x64.Build.0 = Debug|Any CPU
		{C79BB2BD-3064-451E-BB79-DC82D76CFE73}.Debug|x86.ActiveCfg = Debug|Any CPU
		{C79BB2BD-3064-451E-BB79-DC82D76CFE73}.Debug|x86.Build.0 = Debug|Any CPU
		{C79BB2BD-3064-451E-BB79-DC82D76CFE73}.Release|Any CPU.ActiveCfg = Release|Any CPU
		{C79BB2BD-3064-451E-BB79-DC82D76CFE73}.Release|Any CPU.Build.0 = Release|Any CPU
		{C79BB2BD-3064-451E-BB79-DC82D76CFE73}.Release|arm64.ActiveCfg = Release|Any CPU
		{C79BB2BD-3064-451E-BB79-DC82D76CFE73}.Release|arm64.Build.0 = Release|Any CPU
		{C79BB2BD-3064-451E-BB79-DC82D76CFE73}.Release|x64.ActiveCfg = Release|Any CPU
		{C79BB2BD-3064-451E-BB79-DC82D76CFE73}.Release|x64.Build.0 = Release|Any CPU
		{C79BB2BD-3064-451E-BB79-DC82D76CFE73}.Release|x86.ActiveCfg = Release|Any CPU
		{C79BB2BD-3064-451E-BB79-DC82D76CFE73}.Release|x86.Build.0 = Release|Any CPU
		{619632FE-5293-4A32-8F8E-A27FCDD2522D}.Debug|Any CPU.ActiveCfg = Debug|Any CPU
		{619632FE-5293-4A32-8F8E-A27FCDD2522D}.Debug|Any CPU.Build.0 = Debug|Any CPU
		{619632FE-5293-4A32-8F8E-A27FCDD2522D}.Debug|arm64.ActiveCfg = Debug|Any CPU
		{619632FE-5293-4A32-8F8E-A27FCDD2522D}.Debug|arm64.Build.0 = Debug|Any CPU
		{619632FE-5293-4A32-8F8E-A27FCDD2522D}.Debug|x64.ActiveCfg = Debug|Any CPU
		{619632FE-5293-4A32-8F8E-A27FCDD2522D}.Debug|x64.Build.0 = Debug|Any CPU
		{619632FE-5293-4A32-8F8E-A27FCDD2522D}.Debug|x86.ActiveCfg = Debug|Any CPU
		{619632FE-5293-4A32-8F8E-A27FCDD2522D}.Debug|x86.Build.0 = Debug|Any CPU
		{619632FE-5293-4A32-8F8E-A27FCDD2522D}.Release|Any CPU.ActiveCfg = Release|Any CPU
		{619632FE-5293-4A32-8F8E-A27FCDD2522D}.Release|Any CPU.Build.0 = Release|Any CPU
		{619632FE-5293-4A32-8F8E-A27FCDD2522D}.Release|arm64.ActiveCfg = Release|Any CPU
		{619632FE-5293-4A32-8F8E-A27FCDD2522D}.Release|arm64.Build.0 = Release|Any CPU
		{619632FE-5293-4A32-8F8E-A27FCDD2522D}.Release|x64.ActiveCfg = Release|Any CPU
		{619632FE-5293-4A32-8F8E-A27FCDD2522D}.Release|x64.Build.0 = Release|Any CPU
		{619632FE-5293-4A32-8F8E-A27FCDD2522D}.Release|x86.ActiveCfg = Release|Any CPU
		{619632FE-5293-4A32-8F8E-A27FCDD2522D}.Release|x86.Build.0 = Release|Any CPU
		{36573113-0ACE-4CBF-8532-3C31469B33FF}.Debug|Any CPU.ActiveCfg = Debug|Any CPU
		{36573113-0ACE-4CBF-8532-3C31469B33FF}.Debug|Any CPU.Build.0 = Debug|Any CPU
		{36573113-0ACE-4CBF-8532-3C31469B33FF}.Debug|arm64.ActiveCfg = Debug|Any CPU
		{36573113-0ACE-4CBF-8532-3C31469B33FF}.Debug|arm64.Build.0 = Debug|Any CPU
		{36573113-0ACE-4CBF-8532-3C31469B33FF}.Debug|x64.ActiveCfg = Debug|Any CPU
		{36573113-0ACE-4CBF-8532-3C31469B33FF}.Debug|x64.Build.0 = Debug|Any CPU
		{36573113-0ACE-4CBF-8532-3C31469B33FF}.Debug|x86.ActiveCfg = Debug|Any CPU
		{36573113-0ACE-4CBF-8532-3C31469B33FF}.Debug|x86.Build.0 = Debug|Any CPU
		{36573113-0ACE-4CBF-8532-3C31469B33FF}.Release|Any CPU.ActiveCfg = Release|Any CPU
		{36573113-0ACE-4CBF-8532-3C31469B33FF}.Release|Any CPU.Build.0 = Release|Any CPU
		{36573113-0ACE-4CBF-8532-3C31469B33FF}.Release|arm64.ActiveCfg = Release|Any CPU
		{36573113-0ACE-4CBF-8532-3C31469B33FF}.Release|arm64.Build.0 = Release|Any CPU
		{36573113-0ACE-4CBF-8532-3C31469B33FF}.Release|x64.ActiveCfg = Release|Any CPU
		{36573113-0ACE-4CBF-8532-3C31469B33FF}.Release|x64.Build.0 = Release|Any CPU
		{36573113-0ACE-4CBF-8532-3C31469B33FF}.Release|x86.ActiveCfg = Release|Any CPU
		{36573113-0ACE-4CBF-8532-3C31469B33FF}.Release|x86.Build.0 = Release|Any CPU
		{A0963ADB-64D4-428B-B484-A983F339F6ED}.Debug|Any CPU.ActiveCfg = Debug|Any CPU
		{A0963ADB-64D4-428B-B484-A983F339F6ED}.Debug|Any CPU.Build.0 = Debug|Any CPU
		{A0963ADB-64D4-428B-B484-A983F339F6ED}.Debug|arm64.ActiveCfg = Debug|Any CPU
		{A0963ADB-64D4-428B-B484-A983F339F6ED}.Debug|arm64.Build.0 = Debug|Any CPU
		{A0963ADB-64D4-428B-B484-A983F339F6ED}.Debug|x64.ActiveCfg = Debug|Any CPU
		{A0963ADB-64D4-428B-B484-A983F339F6ED}.Debug|x64.Build.0 = Debug|Any CPU
		{A0963ADB-64D4-428B-B484-A983F339F6ED}.Debug|x86.ActiveCfg = Debug|Any CPU
		{A0963ADB-64D4-428B-B484-A983F339F6ED}.Debug|x86.Build.0 = Debug|Any CPU
		{A0963ADB-64D4-428B-B484-A983F339F6ED}.Release|Any CPU.ActiveCfg = Release|Any CPU
		{A0963ADB-64D4-428B-B484-A983F339F6ED}.Release|Any CPU.Build.0 = Release|Any CPU
		{A0963ADB-64D4-428B-B484-A983F339F6ED}.Release|arm64.ActiveCfg = Release|Any CPU
		{A0963ADB-64D4-428B-B484-A983F339F6ED}.Release|arm64.Build.0 = Release|Any CPU
		{A0963ADB-64D4-428B-B484-A983F339F6ED}.Release|x64.ActiveCfg = Release|Any CPU
		{A0963ADB-64D4-428B-B484-A983F339F6ED}.Release|x64.Build.0 = Release|Any CPU
		{A0963ADB-64D4-428B-B484-A983F339F6ED}.Release|x86.ActiveCfg = Release|Any CPU
		{A0963ADB-64D4-428B-B484-A983F339F6ED}.Release|x86.Build.0 = Release|Any CPU
		{F9DF50A3-835F-496E-83A3-A8BDA0B7DAE2}.Debug|Any CPU.ActiveCfg = Debug|Any CPU
		{F9DF50A3-835F-496E-83A3-A8BDA0B7DAE2}.Debug|Any CPU.Build.0 = Debug|Any CPU
		{F9DF50A3-835F-496E-83A3-A8BDA0B7DAE2}.Debug|arm64.ActiveCfg = Debug|Any CPU
		{F9DF50A3-835F-496E-83A3-A8BDA0B7DAE2}.Debug|arm64.Build.0 = Debug|Any CPU
		{F9DF50A3-835F-496E-83A3-A8BDA0B7DAE2}.Debug|x64.ActiveCfg = Debug|Any CPU
		{F9DF50A3-835F-496E-83A3-A8BDA0B7DAE2}.Debug|x64.Build.0 = Debug|Any CPU
		{F9DF50A3-835F-496E-83A3-A8BDA0B7DAE2}.Debug|x86.ActiveCfg = Debug|Any CPU
		{F9DF50A3-835F-496E-83A3-A8BDA0B7DAE2}.Debug|x86.Build.0 = Debug|Any CPU
		{F9DF50A3-835F-496E-83A3-A8BDA0B7DAE2}.Release|Any CPU.ActiveCfg = Release|Any CPU
		{F9DF50A3-835F-496E-83A3-A8BDA0B7DAE2}.Release|Any CPU.Build.0 = Release|Any CPU
		{F9DF50A3-835F-496E-83A3-A8BDA0B7DAE2}.Release|arm64.ActiveCfg = Release|Any CPU
		{F9DF50A3-835F-496E-83A3-A8BDA0B7DAE2}.Release|arm64.Build.0 = Release|Any CPU
		{F9DF50A3-835F-496E-83A3-A8BDA0B7DAE2}.Release|x64.ActiveCfg = Release|Any CPU
		{F9DF50A3-835F-496E-83A3-A8BDA0B7DAE2}.Release|x64.Build.0 = Release|Any CPU
		{F9DF50A3-835F-496E-83A3-A8BDA0B7DAE2}.Release|x86.ActiveCfg = Release|Any CPU
		{F9DF50A3-835F-496E-83A3-A8BDA0B7DAE2}.Release|x86.Build.0 = Release|Any CPU
		{12BABC1C-2A9B-49DF-BBAD-58F19FCC3509}.Debug|Any CPU.ActiveCfg = Debug|x64
		{12BABC1C-2A9B-49DF-BBAD-58F19FCC3509}.Debug|Any CPU.Build.0 = Debug|x64
		{12BABC1C-2A9B-49DF-BBAD-58F19FCC3509}.Debug|arm64.ActiveCfg = Debug|Any CPU
		{12BABC1C-2A9B-49DF-BBAD-58F19FCC3509}.Debug|arm64.Build.0 = Debug|Any CPU
		{12BABC1C-2A9B-49DF-BBAD-58F19FCC3509}.Debug|x64.ActiveCfg = Debug|x64
		{12BABC1C-2A9B-49DF-BBAD-58F19FCC3509}.Debug|x64.Build.0 = Debug|x64
		{12BABC1C-2A9B-49DF-BBAD-58F19FCC3509}.Debug|x86.ActiveCfg = Debug|Any CPU
		{12BABC1C-2A9B-49DF-BBAD-58F19FCC3509}.Debug|x86.Build.0 = Debug|Any CPU
		{12BABC1C-2A9B-49DF-BBAD-58F19FCC3509}.Release|Any CPU.ActiveCfg = Release|x64
		{12BABC1C-2A9B-49DF-BBAD-58F19FCC3509}.Release|Any CPU.Build.0 = Release|x64
		{12BABC1C-2A9B-49DF-BBAD-58F19FCC3509}.Release|arm64.ActiveCfg = Release|Any CPU
		{12BABC1C-2A9B-49DF-BBAD-58F19FCC3509}.Release|arm64.Build.0 = Release|Any CPU
		{12BABC1C-2A9B-49DF-BBAD-58F19FCC3509}.Release|x64.ActiveCfg = Release|x64
		{12BABC1C-2A9B-49DF-BBAD-58F19FCC3509}.Release|x64.Build.0 = Release|x64
		{12BABC1C-2A9B-49DF-BBAD-58F19FCC3509}.Release|x86.ActiveCfg = Release|Any CPU
		{12BABC1C-2A9B-49DF-BBAD-58F19FCC3509}.Release|x86.Build.0 = Release|Any CPU
		{F0375A6D-5C18-4982-867A-DE60138476AB}.Debug|Any CPU.ActiveCfg = Debug|Any CPU
		{F0375A6D-5C18-4982-867A-DE60138476AB}.Debug|Any CPU.Build.0 = Debug|Any CPU
		{F0375A6D-5C18-4982-867A-DE60138476AB}.Debug|arm64.ActiveCfg = Debug|Any CPU
		{F0375A6D-5C18-4982-867A-DE60138476AB}.Debug|arm64.Build.0 = Debug|Any CPU
		{F0375A6D-5C18-4982-867A-DE60138476AB}.Debug|x64.ActiveCfg = Debug|Any CPU
		{F0375A6D-5C18-4982-867A-DE60138476AB}.Debug|x64.Build.0 = Debug|Any CPU
		{F0375A6D-5C18-4982-867A-DE60138476AB}.Debug|x86.ActiveCfg = Debug|Any CPU
		{F0375A6D-5C18-4982-867A-DE60138476AB}.Debug|x86.Build.0 = Debug|Any CPU
		{F0375A6D-5C18-4982-867A-DE60138476AB}.Release|Any CPU.ActiveCfg = Release|Any CPU
		{F0375A6D-5C18-4982-867A-DE60138476AB}.Release|Any CPU.Build.0 = Release|Any CPU
		{F0375A6D-5C18-4982-867A-DE60138476AB}.Release|arm64.ActiveCfg = Release|Any CPU
		{F0375A6D-5C18-4982-867A-DE60138476AB}.Release|arm64.Build.0 = Release|Any CPU
		{F0375A6D-5C18-4982-867A-DE60138476AB}.Release|x64.ActiveCfg = Release|Any CPU
		{F0375A6D-5C18-4982-867A-DE60138476AB}.Release|x64.Build.0 = Release|Any CPU
		{F0375A6D-5C18-4982-867A-DE60138476AB}.Release|x86.ActiveCfg = Release|Any CPU
		{F0375A6D-5C18-4982-867A-DE60138476AB}.Release|x86.Build.0 = Release|Any CPU
		{937DE1B7-DFCE-4EA3-A5D5-901F7E6E4AA2}.Debug|Any CPU.ActiveCfg = Debug|Any CPU
		{937DE1B7-DFCE-4EA3-A5D5-901F7E6E4AA2}.Debug|Any CPU.Build.0 = Debug|Any CPU
		{937DE1B7-DFCE-4EA3-A5D5-901F7E6E4AA2}.Debug|arm64.ActiveCfg = Debug|Any CPU
		{937DE1B7-DFCE-4EA3-A5D5-901F7E6E4AA2}.Debug|arm64.Build.0 = Debug|Any CPU
		{937DE1B7-DFCE-4EA3-A5D5-901F7E6E4AA2}.Debug|x64.ActiveCfg = Debug|Any CPU
		{937DE1B7-DFCE-4EA3-A5D5-901F7E6E4AA2}.Debug|x64.Build.0 = Debug|Any CPU
		{937DE1B7-DFCE-4EA3-A5D5-901F7E6E4AA2}.Debug|x86.ActiveCfg = Debug|Any CPU
		{937DE1B7-DFCE-4EA3-A5D5-901F7E6E4AA2}.Debug|x86.Build.0 = Debug|Any CPU
		{937DE1B7-DFCE-4EA3-A5D5-901F7E6E4AA2}.Release|Any CPU.ActiveCfg = Release|Any CPU
		{937DE1B7-DFCE-4EA3-A5D5-901F7E6E4AA2}.Release|Any CPU.Build.0 = Release|Any CPU
		{937DE1B7-DFCE-4EA3-A5D5-901F7E6E4AA2}.Release|arm64.ActiveCfg = Release|Any CPU
		{937DE1B7-DFCE-4EA3-A5D5-901F7E6E4AA2}.Release|arm64.Build.0 = Release|Any CPU
		{937DE1B7-DFCE-4EA3-A5D5-901F7E6E4AA2}.Release|x64.ActiveCfg = Release|Any CPU
		{937DE1B7-DFCE-4EA3-A5D5-901F7E6E4AA2}.Release|x64.Build.0 = Release|Any CPU
		{937DE1B7-DFCE-4EA3-A5D5-901F7E6E4AA2}.Release|x86.ActiveCfg = Release|Any CPU
		{937DE1B7-DFCE-4EA3-A5D5-901F7E6E4AA2}.Release|x86.Build.0 = Release|Any CPU
		{9B46702C-D4D2-41BA-BADD-76ACEE185CE6}.Debug|Any CPU.ActiveCfg = Debug|Any CPU
		{9B46702C-D4D2-41BA-BADD-76ACEE185CE6}.Debug|Any CPU.Build.0 = Debug|Any CPU
		{9B46702C-D4D2-41BA-BADD-76ACEE185CE6}.Debug|arm64.ActiveCfg = Debug|Any CPU
		{9B46702C-D4D2-41BA-BADD-76ACEE185CE6}.Debug|arm64.Build.0 = Debug|Any CPU
		{9B46702C-D4D2-41BA-BADD-76ACEE185CE6}.Debug|x64.ActiveCfg = Debug|Any CPU
		{9B46702C-D4D2-41BA-BADD-76ACEE185CE6}.Debug|x64.Build.0 = Debug|Any CPU
		{9B46702C-D4D2-41BA-BADD-76ACEE185CE6}.Debug|x86.ActiveCfg = Debug|Any CPU
		{9B46702C-D4D2-41BA-BADD-76ACEE185CE6}.Debug|x86.Build.0 = Debug|Any CPU
		{9B46702C-D4D2-41BA-BADD-76ACEE185CE6}.Release|Any CPU.ActiveCfg = Release|Any CPU
		{9B46702C-D4D2-41BA-BADD-76ACEE185CE6}.Release|Any CPU.Build.0 = Release|Any CPU
		{9B46702C-D4D2-41BA-BADD-76ACEE185CE6}.Release|arm64.ActiveCfg = Release|Any CPU
		{9B46702C-D4D2-41BA-BADD-76ACEE185CE6}.Release|arm64.Build.0 = Release|Any CPU
		{9B46702C-D4D2-41BA-BADD-76ACEE185CE6}.Release|x64.ActiveCfg = Release|Any CPU
		{9B46702C-D4D2-41BA-BADD-76ACEE185CE6}.Release|x64.Build.0 = Release|Any CPU
		{9B46702C-D4D2-41BA-BADD-76ACEE185CE6}.Release|x86.ActiveCfg = Release|Any CPU
		{9B46702C-D4D2-41BA-BADD-76ACEE185CE6}.Release|x86.Build.0 = Release|Any CPU
		{DDA61A10-049E-410C-B807-898358A3915C}.Debug|Any CPU.ActiveCfg = Debug|Any CPU
		{DDA61A10-049E-410C-B807-898358A3915C}.Debug|Any CPU.Build.0 = Debug|Any CPU
		{DDA61A10-049E-410C-B807-898358A3915C}.Debug|arm64.ActiveCfg = Debug|Any CPU
		{DDA61A10-049E-410C-B807-898358A3915C}.Debug|arm64.Build.0 = Debug|Any CPU
		{DDA61A10-049E-410C-B807-898358A3915C}.Debug|x64.ActiveCfg = Debug|Any CPU
		{DDA61A10-049E-410C-B807-898358A3915C}.Debug|x64.Build.0 = Debug|Any CPU
		{DDA61A10-049E-410C-B807-898358A3915C}.Debug|x86.ActiveCfg = Debug|Any CPU
		{DDA61A10-049E-410C-B807-898358A3915C}.Debug|x86.Build.0 = Debug|Any CPU
		{DDA61A10-049E-410C-B807-898358A3915C}.Release|Any CPU.ActiveCfg = Release|Any CPU
		{DDA61A10-049E-410C-B807-898358A3915C}.Release|Any CPU.Build.0 = Release|Any CPU
		{DDA61A10-049E-410C-B807-898358A3915C}.Release|arm64.ActiveCfg = Release|Any CPU
		{DDA61A10-049E-410C-B807-898358A3915C}.Release|arm64.Build.0 = Release|Any CPU
		{DDA61A10-049E-410C-B807-898358A3915C}.Release|x64.ActiveCfg = Release|Any CPU
		{DDA61A10-049E-410C-B807-898358A3915C}.Release|x64.Build.0 = Release|Any CPU
		{DDA61A10-049E-410C-B807-898358A3915C}.Release|x86.ActiveCfg = Release|Any CPU
		{DDA61A10-049E-410C-B807-898358A3915C}.Release|x86.Build.0 = Release|Any CPU
		{228FE4BD-E5D9-45C5-8171-25EEABA4CBE5}.Debug|Any CPU.ActiveCfg = Debug|Any CPU
		{228FE4BD-E5D9-45C5-8171-25EEABA4CBE5}.Debug|arm64.ActiveCfg = Debug|Any CPU
		{228FE4BD-E5D9-45C5-8171-25EEABA4CBE5}.Debug|x64.ActiveCfg = Debug|Any CPU
		{228FE4BD-E5D9-45C5-8171-25EEABA4CBE5}.Debug|x86.ActiveCfg = Debug|Any CPU
		{228FE4BD-E5D9-45C5-8171-25EEABA4CBE5}.Release|Any CPU.ActiveCfg = Release|Any CPU
		{228FE4BD-E5D9-45C5-8171-25EEABA4CBE5}.Release|arm64.ActiveCfg = Release|Any CPU
		{228FE4BD-E5D9-45C5-8171-25EEABA4CBE5}.Release|x64.ActiveCfg = Release|Any CPU
		{228FE4BD-E5D9-45C5-8171-25EEABA4CBE5}.Release|x86.ActiveCfg = Release|Any CPU
		{9B61C7D4-3214-422D-842E-67DB29698726}.Debug|Any CPU.ActiveCfg = Debug|x64
		{9B61C7D4-3214-422D-842E-67DB29698726}.Debug|Any CPU.Build.0 = Debug|x64
		{9B61C7D4-3214-422D-842E-67DB29698726}.Debug|Any CPU.Deploy.0 = Debug|x64
		{9B61C7D4-3214-422D-842E-67DB29698726}.Debug|arm64.ActiveCfg = Debug|arm64
		{9B61C7D4-3214-422D-842E-67DB29698726}.Debug|arm64.Build.0 = Debug|arm64
		{9B61C7D4-3214-422D-842E-67DB29698726}.Debug|arm64.Deploy.0 = Debug|arm64
		{9B61C7D4-3214-422D-842E-67DB29698726}.Debug|x64.ActiveCfg = Debug|x64
		{9B61C7D4-3214-422D-842E-67DB29698726}.Debug|x64.Build.0 = Debug|x64
		{9B61C7D4-3214-422D-842E-67DB29698726}.Debug|x64.Deploy.0 = Debug|x64
		{9B61C7D4-3214-422D-842E-67DB29698726}.Debug|x86.ActiveCfg = Debug|x86
		{9B61C7D4-3214-422D-842E-67DB29698726}.Debug|x86.Build.0 = Debug|x86
		{9B61C7D4-3214-422D-842E-67DB29698726}.Debug|x86.Deploy.0 = Debug|x86
		{9B61C7D4-3214-422D-842E-67DB29698726}.Release|Any CPU.ActiveCfg = Release|x64
		{9B61C7D4-3214-422D-842E-67DB29698726}.Release|Any CPU.Build.0 = Release|x64
		{9B61C7D4-3214-422D-842E-67DB29698726}.Release|Any CPU.Deploy.0 = Release|x64
		{9B61C7D4-3214-422D-842E-67DB29698726}.Release|arm64.ActiveCfg = Release|arm64
		{9B61C7D4-3214-422D-842E-67DB29698726}.Release|arm64.Build.0 = Release|arm64
		{9B61C7D4-3214-422D-842E-67DB29698726}.Release|arm64.Deploy.0 = Release|arm64
		{9B61C7D4-3214-422D-842E-67DB29698726}.Release|x64.ActiveCfg = Release|x64
		{9B61C7D4-3214-422D-842E-67DB29698726}.Release|x64.Build.0 = Release|x64
		{9B61C7D4-3214-422D-842E-67DB29698726}.Release|x64.Deploy.0 = Release|x64
		{9B61C7D4-3214-422D-842E-67DB29698726}.Release|x86.ActiveCfg = Release|x86
		{9B61C7D4-3214-422D-842E-67DB29698726}.Release|x86.Build.0 = Release|x86
		{9B61C7D4-3214-422D-842E-67DB29698726}.Release|x86.Deploy.0 = Release|x86
	EndGlobalSection
	GlobalSection(SolutionProperties) = preSolution
		HideSolutionNode = FALSE
	EndGlobalSection
	GlobalSection(NestedProjects) = preSolution
		{76DF9FC3-6BF1-4303-AC5F-76AF45341942} = {20C9E993-FB9A-43D5-9BD7-25A5F72691C2}
		{3FE3C19E-CED2-433A-9611-FAEC807346F9} = {20C9E993-FB9A-43D5-9BD7-25A5F72691C2}
		{C79BB2BD-3064-451E-BB79-DC82D76CFE73} = {4B298E79-CC0D-4D62-9EEB-DAFC154E2709}
		{619632FE-5293-4A32-8F8E-A27FCDD2522D} = {9DE0AAF1-D73E-4F46-BC0B-9B00B5A59617}
		{36573113-0ACE-4CBF-8532-3C31469B33FF} = {4B298E79-CC0D-4D62-9EEB-DAFC154E2709}
		{A0963ADB-64D4-428B-B484-A983F339F6ED} = {D324FCF2-D9A2-44D9-8F33-8B76ED27ACBF}
		{F9DF50A3-835F-496E-83A3-A8BDA0B7DAE2} = {D324FCF2-D9A2-44D9-8F33-8B76ED27ACBF}
		{12BABC1C-2A9B-49DF-BBAD-58F19FCC3509} = {4B298E79-CC0D-4D62-9EEB-DAFC154E2709}
		{F0375A6D-5C18-4982-867A-DE60138476AB} = {20C9E993-FB9A-43D5-9BD7-25A5F72691C2}
		{937DE1B7-DFCE-4EA3-A5D5-901F7E6E4AA2} = {20C9E993-FB9A-43D5-9BD7-25A5F72691C2}
		{9B46702C-D4D2-41BA-BADD-76ACEE185CE6} = {D324FCF2-D9A2-44D9-8F33-8B76ED27ACBF}
		{20C9E993-FB9A-43D5-9BD7-25A5F72691C2} = {1330C398-0812-4933-8CC0-E479BEDEA5D6}
		{DDA61A10-049E-410C-B807-898358A3915C} = {4B298E79-CC0D-4D62-9EEB-DAFC154E2709}
		{4B298E79-CC0D-4D62-9EEB-DAFC154E2709} = {1330C398-0812-4933-8CC0-E479BEDEA5D6}
		{228FE4BD-E5D9-45C5-8171-25EEABA4CBE5} = {4AB76848-4943-4976-87A3-03BC757191A5}
		{9B61C7D4-3214-422D-842E-67DB29698726} = {D324FCF2-D9A2-44D9-8F33-8B76ED27ACBF}
	EndGlobalSection
	GlobalSection(ExtensibilityGlobals) = postSolution
		SolutionGuid = {85ACC0CA-608F-4E0D-95F2-A53A1DEFC4FA}
	EndGlobalSection
EndGlobal
